{
    "_readme": [
        "This file locks the dependencies of your project to a known state",
        "Read more about it at https://getcomposer.org/doc/01-basic-usage.md#composer-lock-the-lock-file",
        "This file is @generated automatically"
    ],
    "content-hash": "e703e93dd080651629a99ae5a9367431",
    "packages": [
        {
            "name": "cocur/slugify",
            "version": "v3.1",
            "source": {
                "type": "git",
                "url": "https://github.com/cocur/slugify.git",
                "reference": "b2ccf7b735f4f3df3979aef2e1ebf8e19ca772f7"
            },
            "dist": {
                "type": "zip",
                "url": "https://api.github.com/repos/cocur/slugify/zipball/b2ccf7b735f4f3df3979aef2e1ebf8e19ca772f7",
                "reference": "b2ccf7b735f4f3df3979aef2e1ebf8e19ca772f7",
                "shasum": ""
            },
            "require": {
                "ext-mbstring": "*",
                "php": ">=5.5.9"
            },
            "require-dev": {
                "laravel/framework": "~5.1",
                "latte/latte": "~2.2",
                "league/container": "^2.2.0",
                "mikey179/vfsstream": "~1.6",
                "mockery/mockery": "~0.9",
                "nette/di": "~2.2",
                "phpunit/phpunit": "~4.8|~5.2",
                "pimple/pimple": "~1.1",
                "plumphp/plum": "~0.1",
                "silex/silex": "~1.3",
                "symfony/config": "~2.4|~3.0",
                "symfony/dependency-injection": "~2.4|~3.0",
                "symfony/http-kernel": "~2.4|~3.0",
                "twig/twig": "~1.26|~2.0",
                "zendframework/zend-modulemanager": "~2.2",
                "zendframework/zend-servicemanager": "~2.2",
                "zendframework/zend-view": "~2.2"
            },
            "type": "library",
            "autoload": {
                "psr-4": {
                    "Cocur\\Slugify\\": "src"
                }
            },
            "notification-url": "https://packagist.org/downloads/",
            "license": [
                "MIT"
            ],
            "authors": [
                {
                    "name": "Ivo Bathke",
                    "email": "ivo.bathke@gmail.com"
                },
                {
                    "name": "Florian Eckerstorfer",
                    "email": "florian@eckerstorfer.co",
                    "homepage": "https://florian.ec"
                }
            ],
            "description": "Converts a string into a slug.",
            "keywords": [
                "slug",
                "slugify"
            ],
            "time": "2018-01-22T09:00:48+00:00"
        },
        {
            "name": "curl/curl",
            "version": "1.9.3",
            "source": {
                "type": "git",
                "url": "https://github.com/php-mod/curl.git",
                "reference": "43436a604b18c2a985cbc3f983be817fbe500e99"
            },
            "dist": {
                "type": "zip",
                "url": "https://api.github.com/repos/php-mod/curl/zipball/43436a604b18c2a985cbc3f983be817fbe500e99",
                "reference": "43436a604b18c2a985cbc3f983be817fbe500e99",
                "shasum": ""
            },
            "require": {
                "ext-curl": "*",
                "php": ">=5.3.0"
            },
            "require-dev": {
                "phpunit/phpunit": "3.7.*",
                "squizlabs/php_codesniffer": "~2.1"
            },
            "type": "library",
            "autoload": {
                "psr-0": {
                    "Curl": "src/"
                }
            },
            "notification-url": "https://packagist.org/downloads/",
            "license": [
                "MIT"
            ],
            "authors": [
                {
                    "name": "Hassan Amouhzi",
                    "email": "hassan@anezi.net",
                    "homepage": "http://hassan.amouhzi.com"
                },
                {
                    "name": "php-curl-class",
                    "homepage": "https://github.com/php-curl-class"
                },
                {
                    "name": "user52",
                    "homepage": "https://github.com/user52"
                }
            ],
            "description": "cURL class for PHP",
            "homepage": "https://github.com/php-mod/curl",
            "keywords": [
                "curl",
                "dot"
            ],
            "time": "2018-09-05T17:16:47+00:00"
        },
        {
            "name": "guzzlehttp/guzzle",
            "version": "5.3.3",
            "source": {
                "type": "git",
                "url": "https://github.com/guzzle/guzzle.git",
                "reference": "93bbdb30d59be6cd9839495306c65f2907370eb9"
            },
            "dist": {
                "type": "zip",
                "url": "https://api.github.com/repos/guzzle/guzzle/zipball/93bbdb30d59be6cd9839495306c65f2907370eb9",
                "reference": "93bbdb30d59be6cd9839495306c65f2907370eb9",
                "shasum": ""
            },
            "require": {
                "guzzlehttp/ringphp": "^1.1",
                "php": ">=5.4.0",
                "react/promise": "^2.2"
            },
            "require-dev": {
                "ext-curl": "*",
                "phpunit/phpunit": "^4.0"
            },
            "type": "library",
            "autoload": {
                "psr-4": {
                    "GuzzleHttp\\": "src/"
                }
            },
            "notification-url": "https://packagist.org/downloads/",
            "license": [
                "MIT"
            ],
            "authors": [
                {
                    "name": "Michael Dowling",
                    "email": "mtdowling@gmail.com",
                    "homepage": "https://github.com/mtdowling"
                }
            ],
            "description": "Guzzle is a PHP HTTP client library and framework for building RESTful web service clients",
            "homepage": "http://guzzlephp.org/",
            "keywords": [
                "client",
                "curl",
                "framework",
                "http",
                "http client",
                "rest",
                "web service"
            ],
            "time": "2018-07-31T13:33:10+00:00"
        },
        {
            "name": "guzzlehttp/ringphp",
            "version": "1.1.1",
            "source": {
                "type": "git",
                "url": "https://github.com/guzzle/RingPHP.git",
                "reference": "5e2a174052995663dd68e6b5ad838afd47dd615b"
            },
            "dist": {
                "type": "zip",
                "url": "https://api.github.com/repos/guzzle/RingPHP/zipball/5e2a174052995663dd68e6b5ad838afd47dd615b",
                "reference": "5e2a174052995663dd68e6b5ad838afd47dd615b",
                "shasum": ""
            },
            "require": {
                "guzzlehttp/streams": "~3.0",
                "php": ">=5.4.0",
                "react/promise": "~2.0"
            },
            "require-dev": {
                "ext-curl": "*",
                "phpunit/phpunit": "~4.0"
            },
            "suggest": {
                "ext-curl": "Guzzle will use specific adapters if cURL is present"
            },
            "type": "library",
            "extra": {
                "branch-alias": {
                    "dev-master": "1.1-dev"
                }
            },
            "autoload": {
                "psr-4": {
                    "GuzzleHttp\\Ring\\": "src/"
                }
            },
            "notification-url": "https://packagist.org/downloads/",
            "license": [
                "MIT"
            ],
            "authors": [
                {
                    "name": "Michael Dowling",
                    "email": "mtdowling@gmail.com",
                    "homepage": "https://github.com/mtdowling"
                }
            ],
            "description": "Provides a simple API and specification that abstracts away the details of HTTP into a single PHP function.",
            "time": "2018-07-31T13:22:33+00:00"
        },
        {
            "name": "guzzlehttp/streams",
            "version": "3.0.0",
            "source": {
                "type": "git",
                "url": "https://github.com/guzzle/streams.git",
                "reference": "47aaa48e27dae43d39fc1cea0ccf0d84ac1a2ba5"
            },
            "dist": {
                "type": "zip",
                "url": "https://api.github.com/repos/guzzle/streams/zipball/47aaa48e27dae43d39fc1cea0ccf0d84ac1a2ba5",
                "reference": "47aaa48e27dae43d39fc1cea0ccf0d84ac1a2ba5",
                "shasum": ""
            },
            "require": {
                "php": ">=5.4.0"
            },
            "require-dev": {
                "phpunit/phpunit": "~4.0"
            },
            "type": "library",
            "extra": {
                "branch-alias": {
                    "dev-master": "3.0-dev"
                }
            },
            "autoload": {
                "psr-4": {
                    "GuzzleHttp\\Stream\\": "src/"
                }
            },
            "notification-url": "https://packagist.org/downloads/",
            "license": [
                "MIT"
            ],
            "authors": [
                {
                    "name": "Michael Dowling",
                    "email": "mtdowling@gmail.com",
                    "homepage": "https://github.com/mtdowling"
                }
            ],
            "description": "Provides a simple abstraction over streams of data",
            "homepage": "http://guzzlephp.org/",
            "keywords": [
                "Guzzle",
                "stream"
            ],
            "time": "2014-10-12T19:18:40+00:00"
        },
        {
            "name": "kint-php/kint",
            "version": "3.0",
            "source": {
                "type": "git",
                "url": "https://github.com/kint-php/kint.git",
                "reference": "6b4b95f5cd516b9c37c58fbb712b9c5c528752f3"
            },
            "dist": {
                "type": "zip",
                "url": "https://api.github.com/repos/kint-php/kint/zipball/6b4b95f5cd516b9c37c58fbb712b9c5c528752f3",
                "reference": "6b4b95f5cd516b9c37c58fbb712b9c5c528752f3",
                "shasum": ""
            },
            "require": {
                "php": ">=5.3.6"
            },
            "require-dev": {
                "friendsofphp/php-cs-fixer": "^2.0",
                "phpunit/phpunit": "^4.0",
                "seld/phar-utils": "^1.0",
                "symfony/finder": "^2.0 || ^3.0 || ^4.0",
                "vimeo/psalm": "^2.0"
            },
            "suggest": {
                "ext-ctype": "Simple data type tests",
                "ext-iconv": "Provides fallback detection for ambiguous legacy string encodings such as the Windows and ISO 8859 code pages",
                "ext-mbstring": "Provides string encoding detection",
                "kint-php/kint-js": "Provides a simplified dump to console.log()",
                "kint-php/kint-twig": "Provides d() and s() functions in twig templates",
                "symfony/polyfill-ctype": "Replacement for ext-ctype if missing",
                "symfony/polyfill-iconv": "Replacement for ext-iconv if missing",
                "symfony/polyfill-mbstring": "Replacement for ext-mbstring if missing"
            },
            "type": "library",
            "autoload": {
                "files": [
                    "init.php"
                ],
                "psr-4": {
                    "Kint\\": "src/"
                }
            },
            "notification-url": "https://packagist.org/downloads/",
            "license": [
                "MIT"
            ],
            "authors": [
                {
                    "name": "Rokas Šleinius",
                    "homepage": "https://github.com/raveren"
                },
                {
                    "name": "Jonathan Vollebregt",
                    "homepage": "https://github.com/jnvsor"
                },
                {
                    "name": "Contributors",
                    "homepage": "https://github.com/kint-php/kint/graphs/contributors"
                }
            ],
            "description": "Kint - debugging tool for PHP developers",
            "homepage": "https://kint-php.github.io/kint/",
            "keywords": [
                "debug",
                "kint",
                "php"
            ],
            "time": "2018-09-30T08:05:18+00:00"
        },
        {
            "name": "kriswallsmith/buzz",
            "version": "v0.15.2",
            "source": {
                "type": "git",
                "url": "https://github.com/kriswallsmith/Buzz.git",
                "reference": "d0b82d8a6169276f91f445c26792ff4a2b11e831"
            },
            "dist": {
                "type": "zip",
                "url": "https://api.github.com/repos/kriswallsmith/Buzz/zipball/d0b82d8a6169276f91f445c26792ff4a2b11e831",
                "reference": "d0b82d8a6169276f91f445c26792ff4a2b11e831",
                "shasum": ""
            },
            "require": {
                "php": "^5.3.3 || ^7.0"
            },
            "require-dev": {
                "symfony/phpunit-bridge": "^3.3"
            },
            "suggest": {
                "ext-curl": "*"
            },
            "type": "library",
            "autoload": {
                "psr-4": {
                    "Buzz\\": "lib/Buzz"
                }
            },
            "notification-url": "https://packagist.org/downloads/",
            "license": [
                "MIT"
            ],
            "authors": [
                {
                    "name": "Kris Wallsmith",
                    "email": "kris.wallsmith@gmail.com",
                    "homepage": "http://kriswallsmith.net/"
                }
            ],
            "description": "Lightweight HTTP client",
            "homepage": "https://github.com/kriswallsmith/Buzz",
            "keywords": [
                "curl",
                "http client"
            ],
            "time": "2017-11-24T19:18:50+00:00"
        },
        {
            "name": "monolog/monolog",
            "version": "1.23.0",
            "source": {
                "type": "git",
                "url": "https://github.com/Seldaek/monolog.git",
                "reference": "fd8c787753b3a2ad11bc60c063cff1358a32a3b4"
            },
            "dist": {
                "type": "zip",
                "url": "https://api.github.com/repos/Seldaek/monolog/zipball/fd8c787753b3a2ad11bc60c063cff1358a32a3b4",
                "reference": "fd8c787753b3a2ad11bc60c063cff1358a32a3b4",
                "shasum": ""
            },
            "require": {
                "php": ">=5.3.0",
                "psr/log": "~1.0"
            },
            "provide": {
                "psr/log-implementation": "1.0.0"
            },
            "require-dev": {
                "aws/aws-sdk-php": "^2.4.9 || ^3.0",
                "doctrine/couchdb": "~1.0@dev",
                "graylog2/gelf-php": "~1.0",
                "jakub-onderka/php-parallel-lint": "0.9",
                "php-amqplib/php-amqplib": "~2.4",
                "php-console/php-console": "^3.1.3",
                "phpunit/phpunit": "~4.5",
                "phpunit/phpunit-mock-objects": "2.3.0",
                "ruflin/elastica": ">=0.90 <3.0",
                "sentry/sentry": "^0.13",
                "swiftmailer/swiftmailer": "^5.3|^6.0"
            },
            "suggest": {
                "aws/aws-sdk-php": "Allow sending log messages to AWS services like DynamoDB",
                "doctrine/couchdb": "Allow sending log messages to a CouchDB server",
                "ext-amqp": "Allow sending log messages to an AMQP server (1.0+ required)",
                "ext-mongo": "Allow sending log messages to a MongoDB server",
                "graylog2/gelf-php": "Allow sending log messages to a GrayLog2 server",
                "mongodb/mongodb": "Allow sending log messages to a MongoDB server via PHP Driver",
                "php-amqplib/php-amqplib": "Allow sending log messages to an AMQP server using php-amqplib",
                "php-console/php-console": "Allow sending log messages to Google Chrome",
                "rollbar/rollbar": "Allow sending log messages to Rollbar",
                "ruflin/elastica": "Allow sending log messages to an Elastic Search server",
                "sentry/sentry": "Allow sending log messages to a Sentry server"
            },
            "type": "library",
            "extra": {
                "branch-alias": {
                    "dev-master": "2.0.x-dev"
                }
            },
            "autoload": {
                "psr-4": {
                    "Monolog\\": "src/Monolog"
                }
            },
            "notification-url": "https://packagist.org/downloads/",
            "license": [
                "MIT"
            ],
            "authors": [
                {
                    "name": "Jordi Boggiano",
                    "email": "j.boggiano@seld.be",
                    "homepage": "http://seld.be"
                }
            ],
            "description": "Sends your logs to files, sockets, inboxes, databases and various web services",
            "homepage": "http://github.com/Seldaek/monolog",
            "keywords": [
                "log",
                "logging",
                "psr-3"
            ],
            "time": "2017-06-19T01:22:40+00:00"
        },
        {
            "name": "nategood/httpful",
            "version": "0.2.20",
            "source": {
                "type": "git",
                "url": "https://github.com/nategood/httpful.git",
                "reference": "c1cd4d46a4b281229032cf39d4dd852f9887c0f6"
            },
            "dist": {
                "type": "zip",
                "url": "https://api.github.com/repos/nategood/httpful/zipball/c1cd4d46a4b281229032cf39d4dd852f9887c0f6",
                "reference": "c1cd4d46a4b281229032cf39d4dd852f9887c0f6",
                "shasum": ""
            },
            "require": {
                "ext-curl": "*",
                "php": ">=5.3"
            },
            "require-dev": {
                "phpunit/phpunit": "*"
            },
            "type": "library",
            "autoload": {
                "psr-0": {
                    "Httpful": "src/"
                }
            },
            "notification-url": "https://packagist.org/downloads/",
            "license": [
                "MIT"
            ],
            "authors": [
                {
                    "name": "Nate Good",
                    "email": "me@nategood.com",
                    "homepage": "http://nategood.com"
                }
            ],
            "description": "A Readable, Chainable, REST friendly, PHP HTTP Client",
            "homepage": "http://github.com/nategood/httpful",
            "keywords": [
                "api",
                "curl",
                "http",
                "requests",
                "rest",
                "restful"
            ],
            "time": "2015-10-26T16:11:30+00:00"
        },
        {
            "name": "nguyenanhung/my-debug",
            "version": "v0.1.1",
            "source": {
                "type": "git",
                "url": "https://github.com/nguyenanhung/my-debug.git",
                "reference": "41ef3aec28a5afe886d2ddfe45c13a36d193b62e"
            },
            "dist": {
                "type": "zip",
                "url": "https://api.github.com/repos/nguyenanhung/my-debug/zipball/41ef3aec28a5afe886d2ddfe45c13a36d193b62e",
                "reference": "41ef3aec28a5afe886d2ddfe45c13a36d193b62e",
                "shasum": ""
            },
            "require": {
                "cocur/slugify": "^3.1",
                "ext-curl": "*",
                "ext-iconv": "*",
                "ext-json": "*",
                "ext-mbstring": "*",
                "ext-openssl": "*",
                "kint-php/kint": "^3.0",
                "monolog/monolog": "^1.23",
                "php": ">=5.4"
            },
            "type": "library",
            "autoload": {
                "psr-4": {
                    "nguyenanhung\\MyDebug\\": "src/"
                }
            },
            "notification-url": "https://packagist.org/downloads/",
            "license": [
                "GPL-3.0"
            ],
            "authors": [
                {
                    "name": "Nguyen An Hung",
                    "email": "dev@nguyenanhung.com",
                    "homepage": "https://nguyenanhung.com",
                    "role": "Developer"
                }
            ],
            "description": "My Requests Library",
            "homepage": "https://github.com/nguyenanhung/my-debug",
            "keywords": [
                "debug",
                "log",
                "logger"
            ],
            "time": "2018-10-08T17:52:17+00:00"
        },
        {
            "name": "nguyenanhung/nusoap",
            "version": "v0.9.5.2",
            "source": {
                "type": "git",
                "url": "https://github.com/nguyenanhung/nusoap.git",
                "reference": "6b3ac6e7b83d283cff086ff4aad2b21286ac0f74"
            },
            "dist": {
                "type": "zip",
                "url": "https://api.github.com/repos/nguyenanhung/nusoap/zipball/6b3ac6e7b83d283cff086ff4aad2b21286ac0f74",
                "reference": "6b3ac6e7b83d283cff086ff4aad2b21286ac0f74",
                "shasum": ""
            },
            "require": {
                "php": ">=5.2"
            },
            "type": "library",
            "autoload": {
                "psr-4": {
                    "nguyenanhung\\MyNuSOAP\\": "src/",
                    "nguyenanhung\\MyFixNuSOAP\\": "src-fix/"
                }
            },
            "notification-url": "https://packagist.org/downloads/",
            "license": [
                "LGPL-2.1"
            ],
            "authors": [
                {
                    "name": "Dietrich Ayala",
                    "homepage": "http://sourceforge.net/u/dietricha/profile/"
                },
                {
                    "name": "Scott Nichol",
                    "homepage": "http://sourceforge.net/u/snichol/profile/"
                },
                {
                    "name": "Nguyen An Hung",
                    "email": "dev@nguyenanhung.com",
                    "homepage": "https://nguyenanhung.com",
                    "role": "Developer"
                }
            ],
            "description": "My nuSOAP Library",
            "homepage": "https://github.com/nguyenanhung/nusoap",
            "keywords": [
                "curl",
                "get_content",
                "http",
                "request"
            ],
            "time": "2018-10-07T03:23:02+00:00"
        },
        {
            "name": "psr/log",
            "version": "1.0.2",
            "source": {
                "type": "git",
                "url": "https://github.com/php-fig/log.git",
                "reference": "4ebe3a8bf773a19edfe0a84b6585ba3d401b724d"
            },
            "dist": {
                "type": "zip",
                "url": "https://api.github.com/repos/php-fig/log/zipball/4ebe3a8bf773a19edfe0a84b6585ba3d401b724d",
                "reference": "4ebe3a8bf773a19edfe0a84b6585ba3d401b724d",
                "shasum": ""
            },
            "require": {
                "php": ">=5.3.0"
            },
            "type": "library",
            "extra": {
                "branch-alias": {
                    "dev-master": "1.0.x-dev"
                }
            },
            "autoload": {
                "psr-4": {
                    "Psr\\Log\\": "Psr/Log/"
                }
            },
            "notification-url": "https://packagist.org/downloads/",
            "license": [
                "MIT"
            ],
            "authors": [
                {
                    "name": "PHP-FIG",
                    "homepage": "http://www.php-fig.org/"
                }
            ],
            "description": "Common interface for logging libraries",
            "homepage": "https://github.com/php-fig/log",
            "keywords": [
                "log",
                "psr",
                "psr-3"
            ],
            "time": "2016-10-10T12:19:37+00:00"
        },
        {
            "name": "react/promise",
            "version": "v2.7.0",
            "source": {
                "type": "git",
                "url": "https://github.com/reactphp/promise.git",
                "reference": "f4edc2581617431aea50430749db55cc3fc031b3"
            },
            "dist": {
                "type": "zip",
                "url": "https://api.github.com/repos/reactphp/promise/zipball/f4edc2581617431aea50430749db55cc3fc031b3",
                "reference": "f4edc2581617431aea50430749db55cc3fc031b3",
                "shasum": ""
            },
            "require": {
                "php": ">=5.4.0"
            },
            "require-dev": {
                "phpunit/phpunit": "~4.8"
            },
            "type": "library",
            "autoload": {
                "psr-4": {
                    "React\\Promise\\": "src/"
                },
                "files": [
                    "src/functions_include.php"
                ]
            },
            "notification-url": "https://packagist.org/downloads/",
            "license": [
                "MIT"
            ],
            "authors": [
                {
                    "name": "Jan Sorgalla",
                    "email": "jsorgalla@gmail.com"
                }
            ],
            "description": "A lightweight implementation of CommonJS Promises/A for PHP",
            "keywords": [
                "promise",
                "promises"
            ],
            "time": "2018-06-13T15:59:06+00:00"
        },
        {
            "name": "rmccue/requests",
            "version": "v1.7.0",
            "source": {
                "type": "git",
                "url": "https://github.com/rmccue/Requests.git",
                "reference": "87932f52ffad70504d93f04f15690cf16a089546"
            },
            "dist": {
                "type": "zip",
                "url": "https://api.github.com/repos/rmccue/Requests/zipball/87932f52ffad70504d93f04f15690cf16a089546",
                "reference": "87932f52ffad70504d93f04f15690cf16a089546",
                "shasum": ""
            },
            "require": {
                "php": ">=5.2"
            },
            "require-dev": {
                "requests/test-server": "dev-master"
            },
            "type": "library",
            "autoload": {
                "psr-0": {
                    "Requests": "library/"
                }
            },
            "notification-url": "https://packagist.org/downloads/",
            "license": [
                "ISC"
            ],
            "authors": [
                {
                    "name": "Ryan McCue",
                    "homepage": "http://ryanmccue.info"
                }
            ],
            "description": "A HTTP library written in PHP, for human beings.",
            "homepage": "http://github.com/rmccue/Requests",
            "keywords": [
                "curl",
                "fsockopen",
                "http",
                "idna",
                "ipv6",
                "iri",
                "sockets"
            ],
            "time": "2016-10-13T00:11:37+00:00"
        }
    ],
    "packages-dev": [],
    "aliases": [],
    "minimum-stability": "stable",
    "stability-flags": [],
    "prefer-stable": false,
    "prefer-lowest": false,
    "platform": {
        "php": ">=5.4",
        "ext-curl": "*",
        "ext-json": "*",
        "ext-iconv": "*",
        "ext-openssl": "*",
        "ext-mbstring": "*"
    },
    "platform-dev": []
}
